
Microsoft Visual Studio Solution File, Format Version 12.00
# Visual Studio 15
VisualStudioVersion = 15.0.27703.2035
MinimumVisualStudioVersion = 10.0.40219.1
Project("{9A19103F-16F7-4668-BE54-9A1E7A4F7556}") = "K8SDemoWebV1", "K8SDemoWebV1\K8SDemoWebV1.csproj", "{93749F71-439E-4A0D-B826-139D79CFBB2F}"
EndProject
Project("{E53339B2-1760-4266-BCC7-CA923CBCF16C}") = "docker-compose", "docker-compose.dcproj", "{45D66D40-01AA-41BA-B2CD-695117B9A588}"
EndProject
Project("{9A19103F-16F7-4668-BE54-9A1E7A4F7556}") = "K8SDemoWebV101", "K8SDemoWebV101\K8SDemoWebV101.csproj", "{70C0B881-83B9-4E55-BDED-3EA47FCE8247}"
EndProject
Project("{9A19103F-16F7-4668-BE54-9A1E7A4F7556}") = "K8SDemoAPI", "K8SDemoAPI\K8SDemoAPI.csproj", "{934B2EEB-0606-41B0-BBF2-2F01649543E5}"
EndProject
Global
	GlobalSection(SolutionConfigurationPlatforms) = preSolution
		Debug|Any CPU = Debug|Any CPU
		Release|Any CPU = Release|Any CPU
	EndGlobalSection
	GlobalSection(ProjectConfigurationPlatforms) = postSolution
		{93749F71-439E-4A0D-B826-139D79CFBB2F}.Debug|Any CPU.ActiveCfg = Debug|Any CPU
		{93749F71-439E-4A0D-B826-139D79CFBB2F}.Debug|Any CPU.Build.0 = Debug|Any CPU
		{93749F71-439E-4A0D-B826-139D79CFBB2F}.Release|Any CPU.ActiveCfg = Release|Any CPU
		{93749F71-439E-4A0D-B826-139D79CFBB2F}.Release|Any CPU.Build.0 = Release|Any CPU
		{45D66D40-01AA-41BA-B2CD-695117B9A588}.Debug|Any CPU.ActiveCfg = Debug|Any CPU
		{45D66D40-01AA-41BA-B2CD-695117B9A588}.Debug|Any CPU.Build.0 = Debug|Any CPU
		{45D66D40-01AA-41BA-B2CD-695117B9A588}.Release|Any CPU.ActiveCfg = Release|Any CPU
		{45D66D40-01AA-41BA-B2CD-695117B9A588}.Release|Any CPU.Build.0 = Release|Any CPU
		{70C0B881-83B9-4E55-BDED-3EA47FCE8247}.Debug|Any CPU.ActiveCfg = Debug|Any CPU
		{70C0B881-83B9-4E55-BDED-3EA47FCE8247}.Debug|Any CPU.Build.0 = Debug|Any CPU
		{70C0B881-83B9-4E55-BDED-3EA47FCE8247}.Release|Any CPU.ActiveCfg = Release|Any CPU
		{70C0B881-83B9-4E55-BDED-3EA47FCE8247}.Release|Any CPU.Build.0 = Release|Any CPU
		{934B2EEB-0606-41B0-BBF2-2F01649543E5}.Debug|Any CPU.ActiveCfg = Debug|Any CPU
		{934B2EEB-0606-41B0-BBF2-2F01649543E5}.Debug|Any CPU.Build.0 = Debug|Any CPU
		{934B2EEB-0606-41B0-BBF2-2F01649543E5}.Release|Any CPU.ActiveCfg = Release|Any CPU
		{934B2EEB-0606-41B0-BBF2-2F01649543E5}.Release|Any CPU.Build.0 = Release|Any CPU
	EndGlobalSection
	GlobalSection(SolutionProperties) = preSolution
		HideSolutionNode = FALSE
	EndGlobalSection
	GlobalSection(ExtensibilityGlobals) = postSolution
		SolutionGuid = {A2479E83-C62F-4785-8F3D-2B70A125054C}
	EndGlobalSection
EndGlobal
